
Microsoft Visual Studio Solution File, Format Version 12.00
# Visual Studio 15
VisualStudioVersion = 15.0.28010.2016
MinimumVisualStudioVersion = 10.0.40219.1
Project("{2150E333-8FDC-42A3-9474-1A3956D46DE8}") = "Documentation", "Documentation", "{C9B042F7-BF6E-4E79-8ED7-51D9F66A7915}"
	ProjectSection(SolutionItems) = preProject
		Documentation\Indkøb.png = Documentation\Indkøb.png
		Documentation\Leverandør.png = Documentation\Leverandør.png
		Documentation\Login.png = Documentation\Login.png
		Documentation\UML-Klassediagram.png = Documentation\UML-Klassediagram.png
	EndProjectSection
EndProject
Project("{2150E333-8FDC-42A3-9474-1A3956D46DE8}") = "Purchase", "Purchase", "{F6C9B63E-3193-4B84-9D3B-03E80A1997F3}"
EndProject
Project("{2150E333-8FDC-42A3-9474-1A3956D46DE8}") = "Sale", "Sale", "{27F23363-9160-4310-88BE-41FD9EF7F196}"
EndProject
Project("{2150E333-8FDC-42A3-9474-1A3956D46DE8}") = "Logistics", "Logistics", "{F2852FC9-E44B-48B1-A193-6DB814343922}"
EndProject
Project("{2150E333-8FDC-42A3-9474-1A3956D46DE8}") = "Shared", "Shared", "{8157CA79-B98D-4A2F-BB1D-4F87C8E02693}"
EndProject
Project("{FAE04EC0-301F-11D3-BF4B-00C04F79EFBC}") = "Repository", "Repository\Repository.csproj", "{8DBAB079-56F6-4A69-9371-C38698534253}"
EndProject
Project("{FAE04EC0-301F-11D3-BF4B-00C04F79EFBC}") = "LoginWindow", "LoginWindow\LoginWindow.csproj", "{95CB5644-E44C-4D22-9434-3BF398F6160F}"
EndProject
Project("{FAE04EC0-301F-11D3-BF4B-00C04F79EFBC}") = "PurchaseGUI", "PurchaseGUI\PurchaseGUI.csproj", "{0520725E-69CA-4254-8E03-207CB6C01243}"
EndProject
Project("{FAE04EC0-301F-11D3-BF4B-00C04F79EFBC}") = "PurchaseBizz", "PurchaseBizz\PurchaseBizz.csproj", "{3C1951F6-7F38-41DD-BF33-2CFBAED81172}"
EndProject
Project("{FAE04EC0-301F-11D3-BF4B-00C04F79EFBC}") = "PurchaseIO", "PurchaseIO\PurchaseIO.csproj", "{A4DEC87C-2483-4192-B9CD-B9A0EC941CB5}"
EndProject
Project("{2150E333-8FDC-42A3-9474-1A3956D46DE8}") = "UnitTest", "UnitTest", "{23C8C56E-BCAB-4207-B89A-2848F27ABE14}"
EndProject
Project("{FAE04EC0-301F-11D3-BF4B-00C04F79EFBC}") = "UnitTest", "UnitTest\UnitTest.csproj", "{EC099544-F319-4DA5-BEAB-89B1EC190BBE}"
EndProject
Project("{FAE04EC0-301F-11D3-BF4B-00C04F79EFBC}") = "SaleGUI", "SaleGUI\SaleGUI.csproj", "{93B99A85-6362-4E6D-B4A1-BA2187A58142}"
EndProject
Project("{FAE04EC0-301F-11D3-BF4B-00C04F79EFBC}") = "SaleBizz", "SaleBizz\SaleBizz.csproj", "{23CD6658-AB5D-4063-9B67-5759F2F6E6DB}"
EndProject
Project("{FAE04EC0-301F-11D3-BF4B-00C04F79EFBC}") = "SaleIO", "SaleIO\SaleIO.csproj", "{3989891A-923F-46C4-B170-0FBA17368921}"
EndProject
Project("{FAE04EC0-301F-11D3-BF4B-00C04F79EFBC}") = "LogisticsGUI", "LogisticsGUI\LogisticsGUI.csproj", "{C5FDA82B-E1B4-4066-A4E5-9F6AC3DF81A3}"
EndProject
Project("{FAE04EC0-301F-11D3-BF4B-00C04F79EFBC}") = "LogisticsBizz", "LogisticsBizz\LogisticsBizz.csproj", "{29E51E92-161B-4AE8-95F0-878722C1B0FB}"
EndProject
Project("{FAE04EC0-301F-11D3-BF4B-00C04F79EFBC}") = "LogisticsIO", "LogisticsIO\LogisticsIO.csproj", "{E3896E18-B6FD-4C48-87BD-BD9BCB904E4E}"
EndProject
Global
	GlobalSection(SolutionConfigurationPlatforms) = preSolution
		Debug|Any CPU = Debug|Any CPU
		Release|Any CPU = Release|Any CPU
	EndGlobalSection
	GlobalSection(ProjectConfigurationPlatforms) = postSolution
		{8DBAB079-56F6-4A69-9371-C38698534253}.Debug|Any CPU.ActiveCfg = Debug|Any CPU
		{8DBAB079-56F6-4A69-9371-C38698534253}.Debug|Any CPU.Build.0 = Debug|Any CPU
		{8DBAB079-56F6-4A69-9371-C38698534253}.Release|Any CPU.ActiveCfg = Release|Any CPU
		{8DBAB079-56F6-4A69-9371-C38698534253}.Release|Any CPU.Build.0 = Release|Any CPU
		{95CB5644-E44C-4D22-9434-3BF398F6160F}.Debug|Any CPU.ActiveCfg = Debug|Any CPU
		{95CB5644-E44C-4D22-9434-3BF398F6160F}.Debug|Any CPU.Build.0 = Debug|Any CPU
		{95CB5644-E44C-4D22-9434-3BF398F6160F}.Release|Any CPU.ActiveCfg = Release|Any CPU
		{95CB5644-E44C-4D22-9434-3BF398F6160F}.Release|Any CPU.Build.0 = Release|Any CPU
		{0520725E-69CA-4254-8E03-207CB6C01243}.Debug|Any CPU.ActiveCfg = Debug|Any CPU
		{0520725E-69CA-4254-8E03-207CB6C01243}.Debug|Any CPU.Build.0 = Debug|Any CPU
		{0520725E-69CA-4254-8E03-207CB6C01243}.Release|Any CPU.ActiveCfg = Release|Any CPU
		{0520725E-69CA-4254-8E03-207CB6C01243}.Release|Any CPU.Build.0 = Release|Any CPU
		{3C1951F6-7F38-41DD-BF33-2CFBAED81172}.Debug|Any CPU.ActiveCfg = Debug|Any CPU
		{3C1951F6-7F38-41DD-BF33-2CFBAED81172}.Debug|Any CPU.Build.0 = Debug|Any CPU
		{3C1951F6-7F38-41DD-BF33-2CFBAED81172}.Release|Any CPU.ActiveCfg = Release|Any CPU
		{3C1951F6-7F38-41DD-BF33-2CFBAED81172}.Release|Any CPU.Build.0 = Release|Any CPU
		{A4DEC87C-2483-4192-B9CD-B9A0EC941CB5}.Debug|Any CPU.ActiveCfg = Debug|Any CPU
		{A4DEC87C-2483-4192-B9CD-B9A0EC941CB5}.Debug|Any CPU.Build.0 = Debug|Any CPU
		{A4DEC87C-2483-4192-B9CD-B9A0EC941CB5}.Release|Any CPU.ActiveCfg = Release|Any CPU
		{A4DEC87C-2483-4192-B9CD-B9A0EC941CB5}.Release|Any CPU.Build.0 = Release|Any CPU
		{EC099544-F319-4DA5-BEAB-89B1EC190BBE}.Debug|Any CPU.ActiveCfg = Debug|Any CPU
		{EC099544-F319-4DA5-BEAB-89B1EC190BBE}.Debug|Any CPU.Build.0 = Debug|Any CPU
		{EC099544-F319-4DA5-BEAB-89B1EC190BBE}.Release|Any CPU.ActiveCfg = Release|Any CPU
		{EC099544-F319-4DA5-BEAB-89B1EC190BBE}.Release|Any CPU.Build.0 = Release|Any CPU
		{93B99A85-6362-4E6D-B4A1-BA2187A58142}.Debug|Any CPU.ActiveCfg = Debug|Any CPU
		{93B99A85-6362-4E6D-B4A1-BA2187A58142}.Debug|Any CPU.Build.0 = Debug|Any CPU
		{93B99A85-6362-4E6D-B4A1-BA2187A58142}.Release|Any CPU.ActiveCfg = Release|Any CPU
		{93B99A85-6362-4E6D-B4A1-BA2187A58142}.Release|Any CPU.Build.0 = Release|Any CPU
		{23CD6658-AB5D-4063-9B67-5759F2F6E6DB}.Debug|Any CPU.ActiveCfg = Debug|Any CPU
		{23CD6658-AB5D-4063-9B67-5759F2F6E6DB}.Debug|Any CPU.Build.0 = Debug|Any CPU
		{23CD6658-AB5D-4063-9B67-5759F2F6E6DB}.Release|Any CPU.ActiveCfg = Release|Any CPU
		{23CD6658-AB5D-4063-9B67-5759F2F6E6DB}.Release|Any CPU.Build.0 = Release|Any CPU
		{3989891A-923F-46C4-B170-0FBA17368921}.Debug|Any CPU.ActiveCfg = Debug|Any CPU
		{3989891A-923F-46C4-B170-0FBA17368921}.Debug|Any CPU.Build.0 = Debug|Any CPU
		{3989891A-923F-46C4-B170-0FBA17368921}.Release|Any CPU.ActiveCfg = Release|Any CPU
		{3989891A-923F-46C4-B170-0FBA17368921}.Release|Any CPU.Build.0 = Release|Any CPU
		{C5FDA82B-E1B4-4066-A4E5-9F6AC3DF81A3}.Debug|Any CPU.ActiveCfg = Debug|Any CPU
		{C5FDA82B-E1B4-4066-A4E5-9F6AC3DF81A3}.Debug|Any CPU.Build.0 = Debug|Any CPU
		{C5FDA82B-E1B4-4066-A4E5-9F6AC3DF81A3}.Release|Any CPU.ActiveCfg = Release|Any CPU
		{C5FDA82B-E1B4-4066-A4E5-9F6AC3DF81A3}.Release|Any CPU.Build.0 = Release|Any CPU
		{29E51E92-161B-4AE8-95F0-878722C1B0FB}.Debug|Any CPU.ActiveCfg = Debug|Any CPU
		{29E51E92-161B-4AE8-95F0-878722C1B0FB}.Debug|Any CPU.Build.0 = Debug|Any CPU
		{29E51E92-161B-4AE8-95F0-878722C1B0FB}.Release|Any CPU.ActiveCfg = Release|Any CPU
		{29E51E92-161B-4AE8-95F0-878722C1B0FB}.Release|Any CPU.Build.0 = Release|Any CPU
		{E3896E18-B6FD-4C48-87BD-BD9BCB904E4E}.Debug|Any CPU.ActiveCfg = Debug|Any CPU
		{E3896E18-B6FD-4C48-87BD-BD9BCB904E4E}.Debug|Any CPU.Build.0 = Debug|Any CPU
		{E3896E18-B6FD-4C48-87BD-BD9BCB904E4E}.Release|Any CPU.ActiveCfg = Release|Any CPU
		{E3896E18-B6FD-4C48-87BD-BD9BCB904E4E}.Release|Any CPU.Build.0 = Release|Any CPU
	EndGlobalSection
	GlobalSection(SolutionProperties) = preSolution
		HideSolutionNode = FALSE
	EndGlobalSection
	GlobalSection(NestedProjects) = preSolution
		{8DBAB079-56F6-4A69-9371-C38698534253} = {8157CA79-B98D-4A2F-BB1D-4F87C8E02693}
		{0520725E-69CA-4254-8E03-207CB6C01243} = {F6C9B63E-3193-4B84-9D3B-03E80A1997F3}
		{3C1951F6-7F38-41DD-BF33-2CFBAED81172} = {F6C9B63E-3193-4B84-9D3B-03E80A1997F3}
		{A4DEC87C-2483-4192-B9CD-B9A0EC941CB5} = {F6C9B63E-3193-4B84-9D3B-03E80A1997F3}
		{EC099544-F319-4DA5-BEAB-89B1EC190BBE} = {23C8C56E-BCAB-4207-B89A-2848F27ABE14}
		{93B99A85-6362-4E6D-B4A1-BA2187A58142} = {27F23363-9160-4310-88BE-41FD9EF7F196}
		{23CD6658-AB5D-4063-9B67-5759F2F6E6DB} = {27F23363-9160-4310-88BE-41FD9EF7F196}
		{3989891A-923F-46C4-B170-0FBA17368921} = {27F23363-9160-4310-88BE-41FD9EF7F196}
		{C5FDA82B-E1B4-4066-A4E5-9F6AC3DF81A3} = {F2852FC9-E44B-48B1-A193-6DB814343922}
		{29E51E92-161B-4AE8-95F0-878722C1B0FB} = {F2852FC9-E44B-48B1-A193-6DB814343922}
		{E3896E18-B6FD-4C48-87BD-BD9BCB904E4E} = {F2852FC9-E44B-48B1-A193-6DB814343922}
	EndGlobalSection
	GlobalSection(ExtensibilityGlobals) = postSolution
		SolutionGuid = {A9C1F5D3-3FA4-4EEF-A88F-7D7CA94BACA7}
	EndGlobalSection
EndGlobal
